
Microsoft Visual Studio Solution File, Format Version 12.00
# Visual Studio 14
VisualStudioVersion = 14.0.25420.1
MinimumVisualStudioVersion = 10.0.40219.1
Project("{FAE04EC0-301F-11D3-BF4B-00C04F79EFBC}") = "TabernaRolera", "TabernaRolera\TabernaRolera.csproj", "{D9BDED3F-1803-408B-9C5A-7405CA12C107}"
EndProject
Project("{FAE04EC0-301F-11D3-BF4B-00C04F79EFBC}") = "Datos.Nucleo", "Datos.Nucleo\Datos.Nucleo.csproj", "{62858FB9-B157-4744-AA67-28EED85D2D73}"
EndProject
Project("{FAE04EC0-301F-11D3-BF4B-00C04F79EFBC}") = "Datos.Repositorios", "Datos.Repositorios\Datos.Repositorios.csproj", "{6F452B01-62D0-4AA0-9AE1-C96667C5427F}"
EndProject
Project("{FAE04EC0-301F-11D3-BF4B-00C04F79EFBC}") = "Dominio.Interfaces", "Dominio.Interfaces\Dominio.Interfaces.csproj", "{427DB0D5-29A4-4D9E-86FF-E4B697B01344}"
EndProject
Project("{FAE04EC0-301F-11D3-BF4B-00C04F79EFBC}") = "Dominio.ReglasNegocio", "Dominio.ReglasNegocio\Dominio.ReglasNegocio.csproj", "{67052F96-5EBF-4620-BA25-510BA414702A}"
EndProject
Project("{2150E333-8FDC-42A3-9474-1A3956D46DE8}") = "0 - Front", "0 - Front", "{905EC338-C6D9-4ADC-A625-D076CFD27D0D}"
EndProject
Project("{2150E333-8FDC-42A3-9474-1A3956D46DE8}") = "1 - Back", "1 - Back", "{7A0ADBB3-436F-46EE-84C5-7F230167FAED}"
EndProject
Project("{2150E333-8FDC-42A3-9474-1A3956D46DE8}") = "1 - Servicio", "1 - Servicio", "{58C32B9B-6D32-4798-93B5-C792E5A9C915}"
EndProject
Project("{2150E333-8FDC-42A3-9474-1A3956D46DE8}") = "2 - Dominio", "2 - Dominio", "{DC2E9EB6-4C62-429E-99AF-268D3DABB5E7}"
EndProject
Project("{2150E333-8FDC-42A3-9474-1A3956D46DE8}") = "3 - Datos", "3 - Datos", "{15035C11-FF42-4A23-BB42-7C23FDBE79FF}"
EndProject
Project("{2150E333-8FDC-42A3-9474-1A3956D46DE8}") = "2 - Transversal", "2 - Transversal", "{449A4FAA-2A09-4040-B3E4-FDBE4CE39B62}"
EndProject
Global
	GlobalSection(SolutionConfigurationPlatforms) = preSolution
		Debug|Any CPU = Debug|Any CPU
		Release|Any CPU = Release|Any CPU
	EndGlobalSection
	GlobalSection(ProjectConfigurationPlatforms) = postSolution
		{D9BDED3F-1803-408B-9C5A-7405CA12C107}.Debug|Any CPU.ActiveCfg = Debug|Any CPU
		{D9BDED3F-1803-408B-9C5A-7405CA12C107}.Debug|Any CPU.Build.0 = Debug|Any CPU
		{D9BDED3F-1803-408B-9C5A-7405CA12C107}.Release|Any CPU.ActiveCfg = Release|Any CPU
		{D9BDED3F-1803-408B-9C5A-7405CA12C107}.Release|Any CPU.Build.0 = Release|Any CPU
		{62858FB9-B157-4744-AA67-28EED85D2D73}.Debug|Any CPU.ActiveCfg = Debug|Any CPU
		{62858FB9-B157-4744-AA67-28EED85D2D73}.Debug|Any CPU.Build.0 = Debug|Any CPU
		{62858FB9-B157-4744-AA67-28EED85D2D73}.Release|Any CPU.ActiveCfg = Release|Any CPU
		{62858FB9-B157-4744-AA67-28EED85D2D73}.Release|Any CPU.Build.0 = Release|Any CPU
		{6F452B01-62D0-4AA0-9AE1-C96667C5427F}.Debug|Any CPU.ActiveCfg = Debug|Any CPU
		{6F452B01-62D0-4AA0-9AE1-C96667C5427F}.Debug|Any CPU.Build.0 = Debug|Any CPU
		{6F452B01-62D0-4AA0-9AE1-C96667C5427F}.Release|Any CPU.ActiveCfg = Release|Any CPU
		{6F452B01-62D0-4AA0-9AE1-C96667C5427F}.Release|Any CPU.Build.0 = Release|Any CPU
		{427DB0D5-29A4-4D9E-86FF-E4B697B01344}.Debug|Any CPU.ActiveCfg = Debug|Any CPU
		{427DB0D5-29A4-4D9E-86FF-E4B697B01344}.Debug|Any CPU.Build.0 = Debug|Any CPU
		{427DB0D5-29A4-4D9E-86FF-E4B697B01344}.Release|Any CPU.ActiveCfg = Release|Any CPU
		{427DB0D5-29A4-4D9E-86FF-E4B697B01344}.Release|Any CPU.Build.0 = Release|Any CPU
		{67052F96-5EBF-4620-BA25-510BA414702A}.Debug|Any CPU.ActiveCfg = Debug|Any CPU
		{67052F96-5EBF-4620-BA25-510BA414702A}.Debug|Any CPU.Build.0 = Debug|Any CPU
		{67052F96-5EBF-4620-BA25-510BA414702A}.Release|Any CPU.ActiveCfg = Release|Any CPU
		{67052F96-5EBF-4620-BA25-510BA414702A}.Release|Any CPU.Build.0 = Release|Any CPU
	EndGlobalSection
	GlobalSection(SolutionProperties) = preSolution
		HideSolutionNode = FALSE
	EndGlobalSection
	GlobalSection(NestedProjects) = preSolution
		{D9BDED3F-1803-408B-9C5A-7405CA12C107} = {905EC338-C6D9-4ADC-A625-D076CFD27D0D}
		{62858FB9-B157-4744-AA67-28EED85D2D73} = {15035C11-FF42-4A23-BB42-7C23FDBE79FF}
		{6F452B01-62D0-4AA0-9AE1-C96667C5427F} = {15035C11-FF42-4A23-BB42-7C23FDBE79FF}
		{427DB0D5-29A4-4D9E-86FF-E4B697B01344} = {DC2E9EB6-4C62-429E-99AF-268D3DABB5E7}
		{67052F96-5EBF-4620-BA25-510BA414702A} = {DC2E9EB6-4C62-429E-99AF-268D3DABB5E7}
		{58C32B9B-6D32-4798-93B5-C792E5A9C915} = {7A0ADBB3-436F-46EE-84C5-7F230167FAED}
		{DC2E9EB6-4C62-429E-99AF-268D3DABB5E7} = {7A0ADBB3-436F-46EE-84C5-7F230167FAED}
		{15035C11-FF42-4A23-BB42-7C23FDBE79FF} = {7A0ADBB3-436F-46EE-84C5-7F230167FAED}
	EndGlobalSection
EndGlobal
